
Microsoft Visual Studio Solution File, Format Version 12.00
# Visual Studio Version 17
VisualStudioVersion = 17.2.32526.322
MinimumVisualStudioVersion = 10.0.40219.1
Project("{FAE04EC0-301F-11D3-BF4B-00C04F79EFBC}") = "CounterManagerWeb", "CounterManagerWeb\CounterManagerWeb.csproj", "{EE627E2B-D67B-4E14-994C-859C55352D56}"
EndProject
Project("{FAE04EC0-301F-11D3-BF4B-00C04F79EFBC}") = "CounterManagerApi", "CounterManagerApi\CounterManagerApi.csproj", "{C72DB54B-5211-4740-99A1-A26EBAFA3DAA}"
EndProject
Project("{E53339B2-1760-4266-BCC7-CA923CBCF16C}") = "docker-compose", "docker-compose.dcproj", "{B3561BFA-BB11-440F-9404-7ED763CF1593}"
EndProject
Global
	GlobalSection(SolutionConfigurationPlatforms) = preSolution
		Debug|Any CPU = Debug|Any CPU
		Release|Any CPU = Release|Any CPU
	EndGlobalSection
	GlobalSection(ProjectConfigurationPlatforms) = postSolution
		{EE627E2B-D67B-4E14-994C-859C55352D56}.Debug|Any CPU.ActiveCfg = Debug|Any CPU
		{EE627E2B-D67B-4E14-994C-859C55352D56}.Debug|Any CPU.Build.0 = Debug|Any CPU
		{EE627E2B-D67B-4E14-994C-859C55352D56}.Release|Any CPU.ActiveCfg = Release|Any CPU
		{EE627E2B-D67B-4E14-994C-859C55352D56}.Release|Any CPU.Build.0 = Release|Any CPU
		{C72DB54B-5211-4740-99A1-A26EBAFA3DAA}.Debug|Any CPU.ActiveCfg = Debug|Any CPU
		{C72DB54B-5211-4740-99A1-A26EBAFA3DAA}.Debug|Any CPU.Build.0 = Debug|Any CPU
		{C72DB54B-5211-4740-99A1-A26EBAFA3DAA}.Release|Any CPU.ActiveCfg = Release|Any CPU
		{C72DB54B-5211-4740-99A1-A26EBAFA3DAA}.Release|Any CPU.Build.0 = Release|Any CPU
		{B3561BFA-BB11-440F-9404-7ED763CF1593}.Debug|Any CPU.ActiveCfg = Debug|Any CPU
		{B3561BFA-BB11-440F-9404-7ED763CF1593}.Debug|Any CPU.Build.0 = Debug|Any CPU
		{B3561BFA-BB11-440F-9404-7ED763CF1593}.Release|Any CPU.ActiveCfg = Release|Any CPU
		{B3561BFA-BB11-440F-9404-7ED763CF1593}.Release|Any CPU.Build.0 = Release|Any CPU
	EndGlobalSection
	GlobalSection(SolutionProperties) = preSolution
		HideSolutionNode = FALSE
	EndGlobalSection
	GlobalSection(ExtensibilityGlobals) = postSolution
		SolutionGuid = {37945FA3-5C2B-4394-B16D-667CE55C45A4}
	EndGlobalSection
EndGlobal
